// !$*UTF8*$!
{
	archiveVersion = 1;
	classes = {
	};
	objectVersion = 46;
	objects = {

/* Begin PBXBuildFile section */
		CA10F27814D79322009DF28B /* greenBean.png in Resources */ = {isa = PBXBuildFile; fileRef = CA10F27714D79322009DF28B /* greenBean.png */; };
		CA10F27C14D7D4CF009DF28B /* LevelPickerController.m in Sources */ = {isa = PBXBuildFile; fileRef = CA10F27A14D7D4CF009DF28B /* LevelPickerController.m */; };
		CA10F27D14D7D4CF009DF28B /* LevelPickerController.xib in Resources */ = {isa = PBXBuildFile; fileRef = CA10F27B14D7D4CF009DF28B /* LevelPickerController.xib */; };
		CA37F72014ED04CB00867820 /* Localizable.strings in Resources */ = {isa = PBXBuildFile; fileRef = CA37F72214ED04CB00867820 /* Localizable.strings */; };
		CA37F72E14ED05C400867820 /* back_pressed@2x.png in Resources */ = {isa = PBXBuildFile; fileRef = CA37F72414ED05C300867820 /* back_pressed@2x.png */; };
		CA37F72F14ED05C400867820 /* back@2x.png in Resources */ = {isa = PBXBuildFile; fileRef = CA37F72514ED05C300867820 /* back@2x.png */; };
		CA37F73014ED05C400867820 /* background1@2x.png in Resources */ = {isa = PBXBuildFile; fileRef = CA37F72614ED05C300867820 /* background1@2x.png */; };
		CA37F73114ED05C400867820 /* background2@2x.png in Resources */ = {isa = PBXBuildFile; fileRef = CA37F72714ED05C300867820 /* background2@2x.png */; };
		CA37F73214ED05C400867820 /* help_pressed@2x.png in Resources */ = {isa = PBXBuildFile; fileRef = CA37F72814ED05C300867820 /* help_pressed@2x.png */; };
		CA37F73314ED05C400867820 /* help@2x.png in Resources */ = {isa = PBXBuildFile; fileRef = CA37F72914ED05C300867820 /* help@2x.png */; };
		CA37F73414ED05C400867820 /* setting_pressed@2x.png in Resources */ = {isa = PBXBuildFile; fileRef = CA37F72A14ED05C300867820 /* setting_pressed@2x.png */; };
		CA37F73514ED05C400867820 /* setting@2x.png in Resources */ = {isa = PBXBuildFile; fileRef = CA37F72B14ED05C300867820 /* setting@2x.png */; };
		CA37F73614ED05C400867820 /* start_pressed@2x.png in Resources */ = {isa = PBXBuildFile; fileRef = CA37F72C14ED05C300867820 /* start_pressed@2x.png */; };
		CA37F73714ED05C400867820 /* start@2x.png in Resources */ = {isa = PBXBuildFile; fileRef = CA37F72D14ED05C300867820 /* start@2x.png */; };
		CA37F73D14ED07C300867820 /* continue_selection_pressed@2x.png in Resources */ = {isa = PBXBuildFile; fileRef = CA37F73B14ED07C300867820 /* continue_selection_pressed@2x.png */; };
		CA37F73E14ED07C300867820 /* continue_selection@2x.png in Resources */ = {isa = PBXBuildFile; fileRef = CA37F73C14ED07C300867820 /* continue_selection@2x.png */; };
		CA8106EA14D7911000677B87 /* UIKit.framework in Frameworks */ = {isa = PBXBuildFile; fileRef = CA8106E914D7911000677B87 /* UIKit.framework */; };
		CA8106EC14D7911000677B87 /* Foundation.framework in Frameworks */ = {isa = PBXBuildFile; fileRef = CA8106EB14D7911000677B87 /* Foundation.framework */; };
		CA8106EE14D7911000677B87 /* CoreGraphics.framework in Frameworks */ = {isa = PBXBuildFile; fileRef = CA8106ED14D7911000677B87 /* CoreGraphics.framework */; };
		CA8106F414D7911000677B87 /* InfoPlist.strings in Resources */ = {isa = PBXBuildFile; fileRef = CA8106F214D7911000677B87 /* InfoPlist.strings */; };
		CA8106F714D7911000677B87 /* main.m in Sources */ = {isa = PBXBuildFile; fileRef = CA8106F614D7911000677B87 /* main.m */; };
		CA8106FA14D7911000677B87 /* CountBeanAppDelegate.m in Sources */ = {isa = PBXBuildFile; fileRef = CA8106F914D7911000677B87 /* CountBeanAppDelegate.m */; };
		CA8106FD14D7911000677B87 /* MainWindow.xib in Resources */ = {isa = PBXBuildFile; fileRef = CA8106FB14D7911000677B87 /* MainWindow.xib */; };
		CA81070014D7911000677B87 /* CountBeanViewController.m in Sources */ = {isa = PBXBuildFile; fileRef = CA8106FF14D7911000677B87 /* CountBeanViewController.m */; };
		CA81070314D7911000677B87 /* CountBeanViewController.xib in Resources */ = {isa = PBXBuildFile; fileRef = CA81070114D7911000677B87 /* CountBeanViewController.xib */; };
		CA81070A14D7911000677B87 /* UIKit.framework in Frameworks */ = {isa = PBXBuildFile; fileRef = CA8106E914D7911000677B87 /* UIKit.framework */; };
		CA81070B14D7911000677B87 /* Foundation.framework in Frameworks */ = {isa = PBXBuildFile; fileRef = CA8106EB14D7911000677B87 /* Foundation.framework */; };
		CA81070C14D7911000677B87 /* CoreGraphics.framework in Frameworks */ = {isa = PBXBuildFile; fileRef = CA8106ED14D7911000677B87 /* CoreGraphics.framework */; };
		CA81071414D7911000677B87 /* InfoPlist.strings in Resources */ = {isa = PBXBuildFile; fileRef = CA81071214D7911000677B87 /* InfoPlist.strings */; };
		CA81071714D7911000677B87 /* CountBeanTests.h in Resources */ = {isa = PBXBuildFile; fileRef = CA81071614D7911000677B87 /* CountBeanTests.h */; };
		CA81071914D7911000677B87 /* CountBeanTests.m in Sources */ = {isa = PBXBuildFile; fileRef = CA81071814D7911000677B87 /* CountBeanTests.m */; };
		CACDAB1A14D8FD0E00120373 /* SettingController.m in Sources */ = {isa = PBXBuildFile; fileRef = CACDAB1814D8FD0E00120373 /* SettingController.m */; };
		CACDAB1B14D8FD0E00120373 /* SettingController.xib in Resources */ = {isa = PBXBuildFile; fileRef = CACDAB1914D8FD0E00120373 /* SettingController.xib */; };
		CACDAB1F14D8FD5B00120373 /* MainMenuController.m in Sources */ = {isa = PBXBuildFile; fileRef = CACDAB1D14D8FD5B00120373 /* MainMenuController.m */; };
		CACDAB2014D8FD5B00120373 /* MainMenuController.xib in Resources */ = {isa = PBXBuildFile; fileRef = CACDAB1E14D8FD5B00120373 /* MainMenuController.xib */; };
		CACDAB2614D8FEED00120373 /* CBController.m in Sources */ = {isa = PBXBuildFile; fileRef = CACDAB2414D8FEED00120373 /* CBController.m */; };
		CACDAB2714D8FEED00120373 /* CBController.xib in Resources */ = {isa = PBXBuildFile; fileRef = CACDAB2514D8FEED00120373 /* CBController.xib */; };
		CACDAB2A14D9127500120373 /* Configure.m in Sources */ = {isa = PBXBuildFile; fileRef = CACDAB2914D9127400120373 /* Configure.m */; };
		CAED1DF314EDF31300867EE0 /* paper2@2x.png in Resources */ = {isa = PBXBuildFile; fileRef = CAED1DF214EDF31300867EE0 /* paper2@2x.png */; };
		CAED1DF614EDF67400867EE0 /* highscore_pressed@2x.png in Resources */ = {isa = PBXBuildFile; fileRef = CAED1DF414EDF67400867EE0 /* highscore_pressed@2x.png */; };
		CAED1DF714EDF67400867EE0 /* highscore@2x.png in Resources */ = {isa = PBXBuildFile; fileRef = CAED1DF514EDF67400867EE0 /* highscore@2x.png */; };
		CAED1DFA14EDFFAE00867EE0 /* top_bg@2x.png in Resources */ = {isa = PBXBuildFile; fileRef = CAED1DF814EDFFAE00867EE0 /* top_bg@2x.png */; };
		CAED1DFB14EDFFAE00867EE0 /* wood_block@2x.png in Resources */ = {isa = PBXBuildFile; fileRef = CAED1DF914EDFFAE00867EE0 /* wood_block@2x.png */; };
		CAED1E0214EE042500867EE0 /* replay_pressed@2x.png in Resources */ = {isa = PBXBuildFile; fileRef = CAED1E0014EE042500867EE0 /* replay_pressed@2x.png */; };
		CAED1E0314EE042500867EE0 /* replay@2x.png in Resources */ = {isa = PBXBuildFile; fileRef = CAED1E0114EE042500867EE0 /* replay@2x.png */; };
		CAED1E1114EF4B1D00867EE0 /* CBAlertView.m in Sources */ = {isa = PBXBuildFile; fileRef = CAED1E1014EF4B1C00867EE0 /* CBAlertView.m */; };
/* End PBXBuildFile section */

/* Begin PBXContainerItemProxy section */
		CA81070D14D7911000677B87 /* PBXContainerItemProxy */ = {
			isa = PBXContainerItemProxy;
			containerPortal = CA8106DC14D7910F00677B87 /* Project object */;
			proxyType = 1;
			remoteGlobalIDString = CA8106E414D7910F00677B87;
			remoteInfo = CountBean;
		};
/* End PBXContainerItemProxy section */

/* Begin PBXFileReference section */
		CA10F27714D79322009DF28B /* greenBean.png */ = {isa = PBXFileReference; lastKnownFileType = image.png; path = greenBean.png; sourceTree = "<group>"; };
		CA10F27914D7D4CF009DF28B /* LevelPickerController.h */ = {isa = PBXFileReference; fileEncoding = 4; lastKnownFileType = sourcecode.c.h; path = LevelPickerController.h; sourceTree = "<group>"; };
		CA10F27A14D7D4CF009DF28B /* LevelPickerController.m */ = {isa = PBXFileReference; fileEncoding = 4; lastKnownFileType = sourcecode.c.objc; path = LevelPickerController.m; sourceTree = "<group>"; };
		CA10F27B14D7D4CF009DF28B /* LevelPickerController.xib */ = {isa = PBXFileReference; fileEncoding = 4; lastKnownFileType = file.xib; path = LevelPickerController.xib; sourceTree = "<group>"; };
		CA37F71C14ED017E00867820 /* Localize.h */ = {isa = PBXFileReference; fileEncoding = 4; lastKnownFileType = sourcecode.c.h; path = Localize.h; sourceTree = "<group>"; };
		CA37F72114ED04CB00867820 /* en */ = {isa = PBXFileReference; lastKnownFileType = text.plist.strings; name = en; path = en.lproj/Localizable.strings; sourceTree = "<group>"; };
		CA37F72314ED04D400867820 /* zh-Hans */ = {isa = PBXFileReference; lastKnownFileType = text.plist.strings; name = "zh-Hans"; path = "zh-Hans.lproj/Localizable.strings"; sourceTree = "<group>"; };
		CA37F72414ED05C300867820 /* back_pressed@2x.png */ = {isa = PBXFileReference; lastKnownFileType = image.png; path = "back_pressed@2x.png"; sourceTree = "<group>"; };
		CA37F72514ED05C300867820 /* back@2x.png */ = {isa = PBXFileReference; lastKnownFileType = image.png; path = "back@2x.png"; sourceTree = "<group>"; };
		CA37F72614ED05C300867820 /* background1@2x.png */ = {isa = PBXFileReference; lastKnownFileType = image.png; path = "background1@2x.png"; sourceTree = "<group>"; };
		CA37F72714ED05C300867820 /* background2@2x.png */ = {isa = PBXFileReference; lastKnownFileType = image.png; path = "background2@2x.png"; sourceTree = "<group>"; };
		CA37F72814ED05C300867820 /* help_pressed@2x.png */ = {isa = PBXFileReference; lastKnownFileType = image.png; path = "help_pressed@2x.png"; sourceTree = "<group>"; };
		CA37F72914ED05C300867820 /* help@2x.png */ = {isa = PBXFileReference; lastKnownFileType = image.png; path = "help@2x.png"; sourceTree = "<group>"; };
		CA37F72A14ED05C300867820 /* setting_pressed@2x.png */ = {isa = PBXFileReference; lastKnownFileType = image.png; path = "setting_pressed@2x.png"; sourceTree = "<group>"; };
		CA37F72B14ED05C300867820 /* setting@2x.png */ = {isa = PBXFileReference; lastKnownFileType = image.png; path = "setting@2x.png"; sourceTree = "<group>"; };
		CA37F72C14ED05C300867820 /* start_pressed@2x.png */ = {isa = PBXFileReference; lastKnownFileType = image.png; path = "start_pressed@2x.png"; sourceTree = "<group>"; };
		CA37F72D14ED05C300867820 /* start@2x.png */ = {isa = PBXFileReference; lastKnownFileType = image.png; path = "start@2x.png"; sourceTree = "<group>"; };
		CA37F73B14ED07C300867820 /* continue_selection_pressed@2x.png */ = {isa = PBXFileReference; lastKnownFileType = image.png; path = "continue_selection_pressed@2x.png"; sourceTree = "<group>"; };
		CA37F73C14ED07C300867820 /* continue_selection@2x.png */ = {isa = PBXFileReference; lastKnownFileType = image.png; path = "continue_selection@2x.png"; sourceTree = "<group>"; };
		CA8106E514D7911000677B87 /* CountBean.app */ = {isa = PBXFileReference; explicitFileType = wrapper.application; includeInIndex = 0; path = CountBean.app; sourceTree = BUILT_PRODUCTS_DIR; };
		CA8106E914D7911000677B87 /* UIKit.framework */ = {isa = PBXFileReference; lastKnownFileType = wrapper.framework; name = UIKit.framework; path = System/Library/Frameworks/UIKit.framework; sourceTree = SDKROOT; };
		CA8106EB14D7911000677B87 /* Foundation.framework */ = {isa = PBXFileReference; lastKnownFileType = wrapper.framework; name = Foundation.framework; path = System/Library/Frameworks/Foundation.framework; sourceTree = SDKROOT; };
		CA8106ED14D7911000677B87 /* CoreGraphics.framework */ = {isa = PBXFileReference; lastKnownFileType = wrapper.framework; name = CoreGraphics.framework; path = System/Library/Frameworks/CoreGraphics.framework; sourceTree = SDKROOT; };
		CA8106F114D7911000677B87 /* CountBean-Info.plist */ = {isa = PBXFileReference; lastKnownFileType = text.plist.xml; path = "CountBean-Info.plist"; sourceTree = "<group>"; };
		CA8106F314D7911000677B87 /* en */ = {isa = PBXFileReference; lastKnownFileType = text.plist.strings; name = en; path = en.lproj/InfoPlist.strings; sourceTree = "<group>"; };
		CA8106F514D7911000677B87 /* CountBean-Prefix.pch */ = {isa = PBXFileReference; lastKnownFileType = sourcecode.c.h; path = "CountBean-Prefix.pch"; sourceTree = "<group>"; };
		CA8106F614D7911000677B87 /* main.m */ = {isa = PBXFileReference; lastKnownFileType = sourcecode.c.objc; path = main.m; sourceTree = "<group>"; };
		CA8106F814D7911000677B87 /* CountBeanAppDelegate.h */ = {isa = PBXFileReference; lastKnownFileType = sourcecode.c.h; path = CountBeanAppDelegate.h; sourceTree = "<group>"; };
		CA8106F914D7911000677B87 /* CountBeanAppDelegate.m */ = {isa = PBXFileReference; lastKnownFileType = sourcecode.c.objc; path = CountBeanAppDelegate.m; sourceTree = "<group>"; };
		CA8106FC14D7911000677B87 /* en */ = {isa = PBXFileReference; lastKnownFileType = file.xib; name = en; path = en.lproj/MainWindow.xib; sourceTree = "<group>"; };
		CA8106FE14D7911000677B87 /* CountBeanViewController.h */ = {isa = PBXFileReference; lastKnownFileType = sourcecode.c.h; path = CountBeanViewController.h; sourceTree = "<group>"; };
		CA8106FF14D7911000677B87 /* CountBeanViewController.m */ = {isa = PBXFileReference; lastKnownFileType = sourcecode.c.objc; path = CountBeanViewController.m; sourceTree = "<group>"; };
		CA81070214D7911000677B87 /* en */ = {isa = PBXFileReference; lastKnownFileType = file.xib; name = en; path = en.lproj/CountBeanViewController.xib; sourceTree = "<group>"; };
		CA81070914D7911000677B87 /* CountBeanTests.octest */ = {isa = PBXFileReference; explicitFileType = wrapper.cfbundle; includeInIndex = 0; path = CountBeanTests.octest; sourceTree = BUILT_PRODUCTS_DIR; };
		CA81071114D7911000677B87 /* CountBeanTests-Info.plist */ = {isa = PBXFileReference; lastKnownFileType = text.plist.xml; path = "CountBeanTests-Info.plist"; sourceTree = "<group>"; };
		CA81071314D7911000677B87 /* en */ = {isa = PBXFileReference; lastKnownFileType = text.plist.strings; name = en; path = en.lproj/InfoPlist.strings; sourceTree = "<group>"; };
		CA81071514D7911000677B87 /* CountBeanTests-Prefix.pch */ = {isa = PBXFileReference; lastKnownFileType = sourcecode.c.h; path = "CountBeanTests-Prefix.pch"; sourceTree = "<group>"; };
		CA81071614D7911000677B87 /* CountBeanTests.h */ = {isa = PBXFileReference; lastKnownFileType = sourcecode.c.h; path = CountBeanTests.h; sourceTree = "<group>"; };
		CA81071814D7911000677B87 /* CountBeanTests.m */ = {isa = PBXFileReference; lastKnownFileType = sourcecode.c.objc; path = CountBeanTests.m; sourceTree = "<group>"; };
		CACDAB1714D8FD0D00120373 /* SettingController.h */ = {isa = PBXFileReference; fileEncoding = 4; lastKnownFileType = sourcecode.c.h; path = SettingController.h; sourceTree = "<group>"; };
		CACDAB1814D8FD0E00120373 /* SettingController.m */ = {isa = PBXFileReference; fileEncoding = 4; lastKnownFileType = sourcecode.c.objc; path = SettingController.m; sourceTree = "<group>"; };
		CACDAB1914D8FD0E00120373 /* SettingController.xib */ = {isa = PBXFileReference; fileEncoding = 4; lastKnownFileType = file.xib; path = SettingController.xib; sourceTree = "<group>"; };
		CACDAB1C14D8FD5B00120373 /* MainMenuController.h */ = {isa = PBXFileReference; fileEncoding = 4; lastKnownFileType = sourcecode.c.h; path = MainMenuController.h; sourceTree = "<group>"; };
		CACDAB1D14D8FD5B00120373 /* MainMenuController.m */ = {isa = PBXFileReference; fileEncoding = 4; lastKnownFileType = sourcecode.c.objc; path = MainMenuController.m; sourceTree = "<group>"; };
		CACDAB1E14D8FD5B00120373 /* MainMenuController.xib */ = {isa = PBXFileReference; fileEncoding = 4; lastKnownFileType = file.xib; path = MainMenuController.xib; sourceTree = "<group>"; };
		CACDAB2314D8FEED00120373 /* CBController.h */ = {isa = PBXFileReference; fileEncoding = 4; lastKnownFileType = sourcecode.c.h; path = CBController.h; sourceTree = "<group>"; };
		CACDAB2414D8FEED00120373 /* CBController.m */ = {isa = PBXFileReference; fileEncoding = 4; lastKnownFileType = sourcecode.c.objc; path = CBController.m; sourceTree = "<group>"; };
		CACDAB2514D8FEED00120373 /* CBController.xib */ = {isa = PBXFileReference; fileEncoding = 4; lastKnownFileType = file.xib; path = CBController.xib; sourceTree = "<group>"; };
		CACDAB2814D9127400120373 /* Configure.h */ = {isa = PBXFileReference; fileEncoding = 4; lastKnownFileType = sourcecode.c.h; path = Configure.h; sourceTree = "<group>"; };
		CACDAB2914D9127400120373 /* Configure.m */ = {isa = PBXFileReference; fileEncoding = 4; lastKnownFileType = sourcecode.c.objc; path = Configure.m; sourceTree = "<group>"; };
		CAED1DF214EDF31300867EE0 /* paper2@2x.png */ = {isa = PBXFileReference; lastKnownFileType = image.png; path = "paper2@2x.png"; sourceTree = "<group>"; };
		CAED1DF414EDF67400867EE0 /* highscore_pressed@2x.png */ = {isa = PBXFileReference; lastKnownFileType = image.png; path = "highscore_pressed@2x.png"; sourceTree = "<group>"; };
		CAED1DF514EDF67400867EE0 /* highscore@2x.png */ = {isa = PBXFileReference; lastKnownFileType = image.png; path = "highscore@2x.png"; sourceTree = "<group>"; };
		CAED1DF814EDFFAE00867EE0 /* top_bg@2x.png */ = {isa = PBXFileReference; lastKnownFileType = image.png; path = "top_bg@2x.png"; sourceTree = "<group>"; };
		CAED1DF914EDFFAE00867EE0 /* wood_block@2x.png */ = {isa = PBXFileReference; lastKnownFileType = image.png; path = "wood_block@2x.png"; sourceTree = "<group>"; };
		CAED1E0014EE042500867EE0 /* replay_pressed@2x.png */ = {isa = PBXFileReference; lastKnownFileType = image.png; path = "replay_pressed@2x.png"; sourceTree = "<group>"; };
		CAED1E0114EE042500867EE0 /* replay@2x.png */ = {isa = PBXFileReference; lastKnownFileType = image.png; path = "replay@2x.png"; sourceTree = "<group>"; };
		CAED1E0F14EF4B1B00867EE0 /* CBAlertView.h */ = {isa = PBXFileReference; fileEncoding = 4; lastKnownFileType = sourcecode.c.h; path = CBAlertView.h; sourceTree = "<group>"; };
		CAED1E1014EF4B1C00867EE0 /* CBAlertView.m */ = {isa = PBXFileReference; fileEncoding = 4; lastKnownFileType = sourcecode.c.objc; path = CBAlertView.m; sourceTree = "<group>"; };
/* End PBXFileReference section */

/* Begin PBXFrameworksBuildPhase section */
		CA8106E214D7910F00677B87 /* Frameworks */ = {
			isa = PBXFrameworksBuildPhase;
			buildActionMask = 2147483647;
			files = (
				CA8106EA14D7911000677B87 /* UIKit.framework in Frameworks */,
				CA8106EC14D7911000677B87 /* Foundation.framework in Frameworks */,
				CA8106EE14D7911000677B87 /* CoreGraphics.framework in Frameworks */,
			);
			runOnlyForDeploymentPostprocessing = 0;
		};
		CA81070514D7911000677B87 /* Frameworks */ = {
			isa = PBXFrameworksBuildPhase;
			buildActionMask = 2147483647;
			files = (
				CA81070A14D7911000677B87 /* UIKit.framework in Frameworks */,
				CA81070B14D7911000677B87 /* Foundation.framework in Frameworks */,
				CA81070C14D7911000677B87 /* CoreGraphics.framework in Frameworks */,
			);
			runOnlyForDeploymentPostprocessing = 0;
		};
/* End PBXFrameworksBuildPhase section */

/* Begin PBXGroup section */
		CA8106DA14D7910F00677B87 = {
			isa = PBXGroup;
			children = (
				CA8106EF14D7911000677B87 /* CountBean */,
				CA81070F14D7911000677B87 /* CountBeanTests */,
				CA8106E814D7911000677B87 /* Frameworks */,
				CA8106E614D7911000677B87 /* Products */,
			);
			sourceTree = "<group>";
		};
		CA8106E614D7911000677B87 /* Products */ = {
			isa = PBXGroup;
			children = (
				CA8106E514D7911000677B87 /* CountBean.app */,
				CA81070914D7911000677B87 /* CountBeanTests.octest */,
			);
			name = Products;
			sourceTree = "<group>";
		};
		CA8106E814D7911000677B87 /* Frameworks */ = {
			isa = PBXGroup;
			children = (
				CA8106E914D7911000677B87 /* UIKit.framework */,
				CA8106EB14D7911000677B87 /* Foundation.framework */,
				CA8106ED14D7911000677B87 /* CoreGraphics.framework */,
			);
			name = Frameworks;
			sourceTree = "<group>";
		};
		CA8106EF14D7911000677B87 /* CountBean */ = {
			isa = PBXGroup;
			children = (
				CACDAB2214D8FEBB00120373 /* controller */,
				CA81072414D7928E00677B87 /* Resource */,
				CA8106F814D7911000677B87 /* CountBeanAppDelegate.h */,
				CA8106F914D7911000677B87 /* CountBeanAppDelegate.m */,
				CA8106FB14D7911000677B87 /* MainWindow.xib */,
				CA8106F014D7911000677B87 /* Supporting Files */,
				CACDAB2814D9127400120373 /* Configure.h */,
				CACDAB2914D9127400120373 /* Configure.m */,
				CAED1E0F14EF4B1B00867EE0 /* CBAlertView.h */,
				CAED1E1014EF4B1C00867EE0 /* CBAlertView.m */,
			);
			path = CountBean;
			sourceTree = "<group>";
		};
		CA8106F014D7911000677B87 /* Supporting Files */ = {
			isa = PBXGroup;
			children = (
				CA37F72214ED04CB00867820 /* Localizable.strings */,
				CA8106F114D7911000677B87 /* CountBean-Info.plist */,
				CA8106F214D7911000677B87 /* InfoPlist.strings */,
				CA8106F514D7911000677B87 /* CountBean-Prefix.pch */,
				CA8106F614D7911000677B87 /* main.m */,
			);
			name = "Supporting Files";
			sourceTree = "<group>";
		};
		CA81070F14D7911000677B87 /* CountBeanTests */ = {
			isa = PBXGroup;
			children = (
				CA81071614D7911000677B87 /* CountBeanTests.h */,
				CA81071814D7911000677B87 /* CountBeanTests.m */,
				CA81071014D7911000677B87 /* Supporting Files */,
			);
			path = CountBeanTests;
			sourceTree = "<group>";
		};
		CA81071014D7911000677B87 /* Supporting Files */ = {
			isa = PBXGroup;
			children = (
				CA81071114D7911000677B87 /* CountBeanTests-Info.plist */,
				CA81071214D7911000677B87 /* InfoPlist.strings */,
				CA81071514D7911000677B87 /* CountBeanTests-Prefix.pch */,
			);
			name = "Supporting Files";
			sourceTree = "<group>";
		};
		CA81072414D7928E00677B87 /* Resource */ = {
			isa = PBXGroup;
			children = (
				CAED1E0014EE042500867EE0 /* replay_pressed@2x.png */,
				CAED1E0114EE042500867EE0 /* replay@2x.png */,
				CAED1DF814EDFFAE00867EE0 /* top_bg@2x.png */,
				CAED1DF914EDFFAE00867EE0 /* wood_block@2x.png */,
				CAED1DF414EDF67400867EE0 /* highscore_pressed@2x.png */,
				CAED1DF514EDF67400867EE0 /* highscore@2x.png */,
				CAED1DF214EDF31300867EE0 /* paper2@2x.png */,
				CA37F73B14ED07C300867820 /* continue_selection_pressed@2x.png */,
				CA37F73C14ED07C300867820 /* continue_selection@2x.png */,
				CA37F72414ED05C300867820 /* back_pressed@2x.png */,
				CA37F72514ED05C300867820 /* back@2x.png */,
				CA37F72614ED05C300867820 /* background1@2x.png */,
				CA37F72714ED05C300867820 /* background2@2x.png */,
				CA37F72814ED05C300867820 /* help_pressed@2x.png */,
				CA37F72914ED05C300867820 /* help@2x.png */,
				CA37F72A14ED05C300867820 /* setting_pressed@2x.png */,
				CA37F72B14ED05C300867820 /* setting@2x.png */,
				CA37F72C14ED05C300867820 /* start_pressed@2x.png */,
				CA37F72D14ED05C300867820 /* start@2x.png */,
				CA10F27714D79322009DF28B /* greenBean.png */,
				CA37F71C14ED017E00867820 /* Localize.h */,
			);
			path = Resource;
			sourceTree = "<group>";
		};
		CACDAB2214D8FEBB00120373 /* controller */ = {
			isa = PBXGroup;
			children = (
				CA8106FE14D7911000677B87 /* CountBeanViewController.h */,
				CA8106FF14D7911000677B87 /* CountBeanViewController.m */,
				CA81070114D7911000677B87 /* CountBeanViewController.xib */,
				CA10F27914D7D4CF009DF28B /* LevelPickerController.h */,
				CA10F27A14D7D4CF009DF28B /* LevelPickerController.m */,
				CA10F27B14D7D4CF009DF28B /* LevelPickerController.xib */,
				CACDAB1714D8FD0D00120373 /* SettingController.h */,
				CACDAB1814D8FD0E00120373 /* SettingController.m */,
				CACDAB1914D8FD0E00120373 /* SettingController.xib */,
				CACDAB1C14D8FD5B00120373 /* MainMenuController.h */,
				CACDAB1D14D8FD5B00120373 /* MainMenuController.m */,
				CACDAB1E14D8FD5B00120373 /* MainMenuController.xib */,
				CACDAB2314D8FEED00120373 /* CBController.h */,
				CACDAB2414D8FEED00120373 /* CBController.m */,
				CACDAB2514D8FEED00120373 /* CBController.xib */,
			);
			name = controller;
			sourceTree = "<group>";
		};
/* End PBXGroup section */

/* Begin PBXNativeTarget section */
		CA8106E414D7910F00677B87 /* CountBean */ = {
			isa = PBXNativeTarget;
			buildConfigurationList = CA81071C14D7911000677B87 /* Build configuration list for PBXNativeTarget "CountBean" */;
			buildPhases = (
				CA8106E114D7910F00677B87 /* Sources */,
				CA8106E214D7910F00677B87 /* Frameworks */,
				CA8106E314D7910F00677B87 /* Resources */,
			);
			buildRules = (
			);
			dependencies = (
			);
			name = CountBean;
			productName = CountBean;
			productReference = CA8106E514D7911000677B87 /* CountBean.app */;
			productType = "com.apple.product-type.application";
		};
		CA81070814D7911000677B87 /* CountBeanTests */ = {
			isa = PBXNativeTarget;
			buildConfigurationList = CA81071F14D7911000677B87 /* Build configuration list for PBXNativeTarget "CountBeanTests" */;
			buildPhases = (
				CA81070414D7911000677B87 /* Sources */,
				CA81070514D7911000677B87 /* Frameworks */,
				CA81070614D7911000677B87 /* Resources */,
				CA81070714D7911000677B87 /* ShellScript */,
			);
			buildRules = (
			);
			dependencies = (
				CA81070E14D7911000677B87 /* PBXTargetDependency */,
			);
			name = CountBeanTests;
			productName = CountBeanTests;
			productReference = CA81070914D7911000677B87 /* CountBeanTests.octest */;
			productType = "com.apple.product-type.bundle";
		};
/* End PBXNativeTarget section */

/* Begin PBXProject section */
		CA8106DC14D7910F00677B87 /* Project object */ = {
			isa = PBXProject;
			buildConfigurationList = CA8106DF14D7910F00677B87 /* Build configuration list for PBXProject "CountBean" */;
			compatibilityVersion = "Xcode 3.2";
			developmentRegion = English;
			hasScannedForEncodings = 0;
			knownRegions = (
				en,
				"zh-Hans",
			);
			mainGroup = CA8106DA14D7910F00677B87;
			productRefGroup = CA8106E614D7911000677B87 /* Products */;
			projectDirPath = "";
			projectRoot = "";
			targets = (
				CA8106E414D7910F00677B87 /* CountBean */,
				CA81070814D7911000677B87 /* CountBeanTests */,
			);
		};
/* End PBXProject section */

/* Begin PBXResourcesBuildPhase section */
		CA8106E314D7910F00677B87 /* Resources */ = {
			isa = PBXResourcesBuildPhase;
			buildActionMask = 2147483647;
			files = (
				CA8106F414D7911000677B87 /* InfoPlist.strings in Resources */,
				CA8106FD14D7911000677B87 /* MainWindow.xib in Resources */,
				CA81070314D7911000677B87 /* CountBeanViewController.xib in Resources */,
				CA10F27814D79322009DF28B /* greenBean.png in Resources */,
				CA10F27D14D7D4CF009DF28B /* LevelPickerController.xib in Resources */,
				CACDAB1B14D8FD0E00120373 /* SettingController.xib in Resources */,
				CACDAB2014D8FD5B00120373 /* MainMenuController.xib in Resources */,
				CACDAB2714D8FEED00120373 /* CBController.xib in Resources */,
				CA37F72014ED04CB00867820 /* Localizable.strings in Resources */,
				CA37F72E14ED05C400867820 /* back_pressed@2x.png in Resources */,
				CA37F72F14ED05C400867820 /* back@2x.png in Resources */,
				CA37F73014ED05C400867820 /* background1@2x.png in Resources */,
				CA37F73114ED05C400867820 /* background2@2x.png in Resources */,
				CA37F73214ED05C400867820 /* help_pressed@2x.png in Resources */,
				CA37F73314ED05C400867820 /* help@2x.png in Resources */,
				CA37F73414ED05C400867820 /* setting_pressed@2x.png in Resources */,
				CA37F73514ED05C400867820 /* setting@2x.png in Resources */,
				CA37F73614ED05C400867820 /* start_pressed@2x.png in Resources */,
				CA37F73714ED05C400867820 /* start@2x.png in Resources */,
				CA37F73D14ED07C300867820 /* continue_selection_pressed@2x.png in Resources */,
				CA37F73E14ED07C300867820 /* continue_selection@2x.png in Resources */,
				CAED1DF314EDF31300867EE0 /* paper2@2x.png in Resources */,
				CAED1DF614EDF67400867EE0 /* highscore_pressed@2x.png in Resources */,
				CAED1DF714EDF67400867EE0 /* highscore@2x.png in Resources */,
				CAED1DFA14EDFFAE00867EE0 /* top_bg@2x.png in Resources */,
				CAED1DFB14EDFFAE00867EE0 /* wood_block@2x.png in Resources */,
				CAED1E0214EE042500867EE0 /* replay_pressed@2x.png in Resources */,
				CAED1E0314EE042500867EE0 /* replay@2x.png in Resources */,
			);
			runOnlyForDeploymentPostprocessing = 0;
		};
		CA81070614D7911000677B87 /* Resources */ = {
			isa = PBXResourcesBuildPhase;
			buildActionMask = 2147483647;
			files = (
				CA81071414D7911000677B87 /* InfoPlist.strings in Resources */,
				CA81071714D7911000677B87 /* CountBeanTests.h in Resources */,
			);
			runOnlyForDeploymentPostprocessing = 0;
		};
/* End PBXResourcesBuildPhase section */

/* Begin PBXShellScriptBuildPhase section */
		CA81070714D7911000677B87 /* ShellScript */ = {
			isa = PBXShellScriptBuildPhase;
			buildActionMask = 2147483647;
			files = (
			);
			inputPaths = (
			);
			outputPaths = (
			);
			runOnlyForDeploymentPostprocessing = 0;
			shellPath = /bin/sh;
			shellScript = "# Run the unit tests in this test bundle.\n\"${SYSTEM_DEVELOPER_DIR}/Tools/RunUnitTests\"\n";
		};
/* End PBXShellScriptBuildPhase section */

/* Begin PBXSourcesBuildPhase section */
		CA8106E114D7910F00677B87 /* Sources */ = {
			isa = PBXSourcesBuildPhase;
			buildActionMask = 2147483647;
			files = (
				CA8106F714D7911000677B87 /* main.m in Sources */,
				CA8106FA14D7911000677B87 /* CountBeanAppDelegate.m in Sources */,
				CA81070014D7911000677B87 /* CountBeanViewController.m in Sources */,
				CA10F27C14D7D4CF009DF28B /* LevelPickerController.m in Sources */,
				CACDAB1A14D8FD0E00120373 /* SettingController.m in Sources */,
				CACDAB1F14D8FD5B00120373 /* MainMenuController.m in Sources */,
				CACDAB2614D8FEED00120373 /* CBController.m in Sources */,
				CACDAB2A14D9127500120373 /* Configure.m in Sources */,
				CAED1E1114EF4B1D00867EE0 /* CBAlertView.m in Sources */,
			);
			runOnlyForDeploymentPostprocessing = 0;
		};
		CA81070414D7911000677B87 /* Sources */ = {
			isa = PBXSourcesBuildPhase;
			buildActionMask = 2147483647;
			files = (
				CA81071914D7911000677B87 /* CountBeanTests.m in Sources */,
			);
			runOnlyForDeploymentPostprocessing = 0;
		};
/* End PBXSourcesBuildPhase section */

/* Begin PBXTargetDependency section */
		CA81070E14D7911000677B87 /* PBXTargetDependency */ = {
			isa = PBXTargetDependency;
			target = CA8106E414D7910F00677B87 /* CountBean */;
			targetProxy = CA81070D14D7911000677B87 /* PBXContainerItemProxy */;
		};
/* End PBXTargetDependency section */

/* Begin PBXVariantGroup section */
		CA37F72214ED04CB00867820 /* Localizable.strings */ = {
			isa = PBXVariantGroup;
			children = (
				CA37F72114ED04CB00867820 /* en */,
				CA37F72314ED04D400867820 /* zh-Hans */,
			);
			name = Localizable.strings;
			sourceTree = "<group>";
		};
		CA8106F214D7911000677B87 /* InfoPlist.strings */ = {
			isa = PBXVariantGroup;
			children = (
				CA8106F314D7911000677B87 /* en */,
			);
			name = InfoPlist.strings;
			sourceTree = "<group>";
		};
		CA8106FB14D7911000677B87 /* MainWindow.xib */ = {
			isa = PBXVariantGroup;
			children = (
				CA8106FC14D7911000677B87 /* en */,
			);
			name = MainWindow.xib;
			sourceTree = "<group>";
		};
		CA81070114D7911000677B87 /* CountBeanViewController.xib */ = {
			isa = PBXVariantGroup;
			children = (
				CA81070214D7911000677B87 /* en */,
			);
			name = CountBeanViewController.xib;
			sourceTree = "<group>";
		};
		CA81071214D7911000677B87 /* InfoPlist.strings */ = {
			isa = PBXVariantGroup;
			children = (
				CA81071314D7911000677B87 /* en */,
			);
			name = InfoPlist.strings;
			sourceTree = "<group>";
		};
/* End PBXVariantGroup section */

/* Begin XCBuildConfiguration section */
		CA81071A14D7911000677B87 /* Debug */ = {
			isa = XCBuildConfiguration;
			buildSettings = {
				ARCHS = "$(ARCHS_STANDARD_32_BIT)";
				"CODE_SIGN_IDENTITY[sdk=iphoneos*]" = "iPhone Developer";
				GCC_C_LANGUAGE_STANDARD = gnu99;
				GCC_OPTIMIZATION_LEVEL = 0;
				GCC_PREPROCESSOR_DEFINITIONS = DEBUG;
				GCC_SYMBOLS_PRIVATE_EXTERN = NO;
				GCC_VERSION = com.apple.compilers.llvmgcc42;
				GCC_WARN_ABOUT_RETURN_TYPE = YES;
				GCC_WARN_UNUSED_VARIABLE = YES;
				IPHONEOS_DEPLOYMENT_TARGET = 4.3;
				SDKROOT = iphoneos;
			};
			name = Debug;
		};
		CA81071B14D7911000677B87 /* Release */ = {
			isa = XCBuildConfiguration;
			buildSettings = {
				ARCHS = "$(ARCHS_STANDARD_32_BIT)";
				"CODE_SIGN_IDENTITY[sdk=iphoneos*]" = "iPhone Developer";
				GCC_C_LANGUAGE_STANDARD = gnu99;
				GCC_VERSION = com.apple.compilers.llvmgcc42;
				GCC_WARN_ABOUT_RETURN_TYPE = YES;
				GCC_WARN_UNUSED_VARIABLE = YES;
				IPHONEOS_DEPLOYMENT_TARGET = 4.3;
				OTHER_CFLAGS = "-DNS_BLOCK_ASSERTIONS=1";
				SDKROOT = iphoneos;
			};
			name = Release;
		};
		CA81071D14D7911000677B87 /* Debug */ = {
			isa = XCBuildConfiguration;
			buildSettings = {
				ALWAYS_SEARCH_USER_PATHS = NO;
				COPY_PHASE_STRIP = NO;
				GCC_DYNAMIC_NO_PIC = NO;
				GCC_PRECOMPILE_PREFIX_HEADER = YES;
				GCC_PREFIX_HEADER = "CountBean/CountBean-Prefix.pch";
				INFOPLIST_FILE = "CountBean/CountBean-Info.plist";
				PRODUCT_NAME = "$(TARGET_NAME)";
				WRAPPER_EXTENSION = app;
			};
			name = Debug;
		};
		CA81071E14D7911000677B87 /* Release */ = {
			isa = XCBuildConfiguration;
			buildSettings = {
				ALWAYS_SEARCH_USER_PATHS = NO;
				COPY_PHASE_STRIP = YES;
				GCC_PRECOMPILE_PREFIX_HEADER = YES;
				GCC_PREFIX_HEADER = "CountBean/CountBean-Prefix.pch";
				INFOPLIST_FILE = "CountBean/CountBean-Info.plist";
				PRODUCT_NAME = "$(TARGET_NAME)";
				VALIDATE_PRODUCT = YES;
				WRAPPER_EXTENSION = app;
			};
			name = Release;
		};
		CA81072014D7911000677B87 /* Debug */ = {
			isa = XCBuildConfiguration;
			buildSettings = {
				ALWAYS_SEARCH_USER_PATHS = NO;
				BUNDLE_LOADER = "$(BUILT_PRODUCTS_DIR)/CountBean.app/CountBean";
				FRAMEWORK_SEARCH_PATHS = (
					"$(SDKROOT)/Developer/Library/Frameworks",
					"$(DEVELOPER_LIBRARY_DIR)/Frameworks",
				);
				GCC_PRECOMPILE_PREFIX_HEADER = YES;
				GCC_PREFIX_HEADER = "CountBeanTests/CountBeanTests-Prefix.pch";
				INFOPLIST_FILE = "CountBeanTests/CountBeanTests-Info.plist";
				OTHER_LDFLAGS = (
					"-framework",
					SenTestingKit,
				);
				PRODUCT_NAME = "$(TARGET_NAME)";
				TEST_HOST = "$(BUNDLE_LOADER)";
				WRAPPER_EXTENSION = octest;
			};
			name = Debug;
		};
		CA81072114D7911000677B87 /* Release */ = {
			isa = XCBuildConfiguration;
			buildSettings = {
				ALWAYS_SEARCH_USER_PATHS = NO;
				BUNDLE_LOADER = "$(BUILT_PRODUCTS_DIR)/CountBean.app/CountBean";
				FRAMEWORK_SEARCH_PATHS = (
					"$(SDKROOT)/Developer/Library/Frameworks",
					"$(DEVELOPER_LIBRARY_DIR)/Frameworks",
				);
				GCC_PRECOMPILE_PREFIX_HEADER = YES;
				GCC_PREFIX_HEADER = "CountBeanTests/CountBeanTests-Prefix.pch";
				INFOPLIST_FILE = "CountBeanTests/CountBeanTests-Info.plist";
				OTHER_LDFLAGS = (
					"-framework",
					SenTestingKit,
				);
				PRODUCT_NAME = "$(TARGET_NAME)";
				TEST_HOST = "$(BUNDLE_LOADER)";
				WRAPPER_EXTENSION = octest;
			};
			name = Release;
		};
/* End XCBuildConfiguration section */

/* Begin XCConfigurationList section */
		CA8106DF14D7910F00677B87 /* Build configuration list for PBXProject "CountBean" */ = {
			isa = XCConfigurationList;
			buildConfigurations = (
				CA81071A14D7911000677B87 /* Debug */,
				CA81071B14D7911000677B87 /* Release */,
			);
			defaultConfigurationIsVisible = 0;
			defaultConfigurationName = Release;
		};
		CA81071C14D7911000677B87 /* Build configuration list for PBXNativeTarget "CountBean" */ = {
			isa = XCConfigurationList;
			buildConfigurations = (
				CA81071D14D7911000677B87 /* Debug */,
				CA81071E14D7911000677B87 /* Release */,
			);
			defaultConfigurationIsVisible = 0;
			defaultConfigurationName = Release;
		};
		CA81071F14D7911000677B87 /* Build configuration list for PBXNativeTarget "CountBeanTests" */ = {
			isa = XCConfigurationList;
			buildConfigurations = (
				CA81072014D7911000677B87 /* Debug */,
				CA81072114D7911000677B87 /* Release */,
			);
			defaultConfigurationIsVisible = 0;
			defaultConfigurationName = Release;
		};
/* End XCConfigurationList section */
	};
	rootObject = CA8106DC14D7910F00677B87 /* Project object */;
}
